// !$*UTF8*$!
{
	archiveVersion = 1;
	classes = {
	};
	objectVersion = 50;
	objects = {

/* Begin PBXBuildFile section */
		2F45105E21B34B3500EC529E /* DeviceToken.swift in Sources */ = {isa = PBXBuildFile; fileRef = 2F45105D21B34B3500EC529E /* DeviceToken.swift */; };
		2F45106021B34BA900EC529E /* NetworkHandler+Token.swift in Sources */ = {isa = PBXBuildFile; fileRef = 2F45105F21B34BA900EC529E /* NetworkHandler+Token.swift */; };
		2F45106221B380E100EC529E /* AvatarView.swift in Sources */ = {isa = PBXBuildFile; fileRef = 2F45106121B380E100EC529E /* AvatarView.swift */; };
		2F45106421B3860400EC529E /* ProfileView.swift in Sources */ = {isa = PBXBuildFile; fileRef = 2F45106321B3860400EC529E /* ProfileView.swift */; };
		2F45106721B3868700EC529E /* ProfileViewController.swift in Sources */ = {isa = PBXBuildFile; fileRef = 2F45106621B3868700EC529E /* ProfileViewController.swift */; };
		2F45106921B3869B00EC529E /* ProfileBaseViewController.swift in Sources */ = {isa = PBXBuildFile; fileRef = 2F45106821B3869B00EC529E /* ProfileBaseViewController.swift */; };
		2F45106B21B3886500EC529E /* ProfileDetailValueTableViewCell.swift in Sources */ = {isa = PBXBuildFile; fileRef = 2F45106A21B3886500EC529E /* ProfileDetailValueTableViewCell.swift */; };
		2F45106D21B38E9F00EC529E /* NetworkHandler+User.swift in Sources */ = {isa = PBXBuildFile; fileRef = 2F45106C21B38E9F00EC529E /* NetworkHandler+User.swift */; };
		2F45106F21B38F7900EC529E /* User+Image.swift in Sources */ = {isa = PBXBuildFile; fileRef = 2F45106E21B38F7900EC529E /* User+Image.swift */; };
		2F45107121B38FCC00EC529E /* NetworkHandler+Image.swift in Sources */ = {isa = PBXBuildFile; fileRef = 2F45107021B38FCC00EC529E /* NetworkHandler+Image.swift */; };
		2F45107321B390FE00EC529E /* CALayer+Shadow.swift in Sources */ = {isa = PBXBuildFile; fileRef = 2F45107221B390FE00EC529E /* CALayer+Shadow.swift */; };
		2F45107521B3931600EC529E /* SDWebImage.framework in Frameworks */ = {isa = PBXBuildFile; fileRef = 2F45107421B3931600EC529E /* SDWebImage.framework */; };
		2F45107721B47C9A00EC529E /* ProgressView.swift in Sources */ = {isa = PBXBuildFile; fileRef = 2F45107621B47C9A00EC529E /* ProgressView.swift */; };
		2F45107921B47E5F00EC529E /* ButtonScrollView.swift in Sources */ = {isa = PBXBuildFile; fileRef = 2F45107821B47E5F00EC529E /* ButtonScrollView.swift */; };
		2F45107C21B48BEB00EC529E /* ChatViewController.swift in Sources */ = {isa = PBXBuildFile; fileRef = 2F45107B21B48BEB00EC529E /* ChatViewController.swift */; };
		2F45107E21B4902200EC529E /* ProgressLabelView.swift in Sources */ = {isa = PBXBuildFile; fileRef = 2F45107D21B4902200EC529E /* ProgressLabelView.swift */; };
		2F45108021B4C54000EC529E /* ClapView.swift in Sources */ = {isa = PBXBuildFile; fileRef = 2F45107F21B4C54000EC529E /* ClapView.swift */; };
		2F45108221B4C5FC00EC529E /* UIImageView+TintColor.swift in Sources */ = {isa = PBXBuildFile; fileRef = 2F45108121B4C5FC00EC529E /* UIImageView+TintColor.swift */; };
		2F45108421B4C71300EC529E /* MessageView.swift in Sources */ = {isa = PBXBuildFile; fileRef = 2F45108321B4C71300EC529E /* MessageView.swift */; };
		2F45108621B4C8F200EC529E /* FullMessageTableViewCell.swift in Sources */ = {isa = PBXBuildFile; fileRef = 2F45108521B4C8F200EC529E /* FullMessageTableViewCell.swift */; };
		2F45108821B4D9BE00EC529E /* ChatTextField.swift in Sources */ = {isa = PBXBuildFile; fileRef = 2F45108721B4D9BE00EC529E /* ChatTextField.swift */; };
		2F45108C21B5208E00EC529E /* Starscream.framework in Frameworks */ = {isa = PBXBuildFile; fileRef = 2F45108A21B5208E00EC529E /* Starscream.framework */; };
		2F45108D21B5208E00EC529E /* SwiftPhoenixClient.framework in Frameworks */ = {isa = PBXBuildFile; fileRef = 2F45108B21B5208E00EC529E /* SwiftPhoenixClient.framework */; };
		2F45109021B523D300EC529E /* Message.swift in Sources */ = {isa = PBXBuildFile; fileRef = 2F45108F21B523D300EC529E /* Message.swift */; };
		2F45109221B52E9300EC529E /* ChatBoxView.swift in Sources */ = {isa = PBXBuildFile; fileRef = 2F45109121B52E9300EC529E /* ChatBoxView.swift */; };
		2F45109421B53A8200EC529E /* NetworkHandler+Messages.swift in Sources */ = {isa = PBXBuildFile; fileRef = 2F45109321B53A8200EC529E /* NetworkHandler+Messages.swift */; };
		2F5D1CDB21A292F0003D0587 /* AvenirNextLTPro-Regular.otf in Resources */ = {isa = PBXBuildFile; fileRef = 2F5D1CD421A292EF003D0587 /* AvenirNextLTPro-Regular.otf */; };
		2F5D1CDC21A292F0003D0587 /* AvenirNextLTPro-UltLt.otf in Resources */ = {isa = PBXBuildFile; fileRef = 2F5D1CD521A292EF003D0587 /* AvenirNextLTPro-UltLt.otf */; };
		2F5D1CDD21A292F0003D0587 /* AvenirNextLTPro-Bold.otf in Resources */ = {isa = PBXBuildFile; fileRef = 2F5D1CD621A292EF003D0587 /* AvenirNextLTPro-Bold.otf */; };
		2F5D1CDE21A292F0003D0587 /* AvenirNextLTPro-Medium.otf in Resources */ = {isa = PBXBuildFile; fileRef = 2F5D1CD721A292EF003D0587 /* AvenirNextLTPro-Medium.otf */; };
		2F5D1CDF21A292F0003D0587 /* AvenirNextLTPro-Demi.otf in Resources */ = {isa = PBXBuildFile; fileRef = 2F5D1CD821A292EF003D0587 /* AvenirNextLTPro-Demi.otf */; };
		2F5D1CE021A292F0003D0587 /* AvenirNextLTPro-UltLtIt.otf in Resources */ = {isa = PBXBuildFile; fileRef = 2F5D1CD921A292F0003D0587 /* AvenirNextLTPro-UltLtIt.otf */; };
		2F5D1CE121A292F0003D0587 /* AvenirNextLTPro-It.otf in Resources */ = {isa = PBXBuildFile; fileRef = 2F5D1CDA21A292F0003D0587 /* AvenirNextLTPro-It.otf */; };
		2F5D1CE421A29344003D0587 /* UIFont+CustomFonts.swift in Sources */ = {isa = PBXBuildFile; fileRef = 2F5D1CE321A29344003D0587 /* UIFont+CustomFonts.swift */; };
		2F5D1CE621A293A0003D0587 /* UIColor+HexRGB.swift in Sources */ = {isa = PBXBuildFile; fileRef = 2F5D1CE521A293A0003D0587 /* UIColor+HexRGB.swift */; };
		2F8A6F0621A679FB0056D4AD /* BasePollTableViewCell.swift in Sources */ = {isa = PBXBuildFile; fileRef = 2F8A6F0521A679FB0056D4AD /* BasePollTableViewCell.swift */; };
		2F8A6F0821A67EAD0056D4AD /* LiveView.swift in Sources */ = {isa = PBXBuildFile; fileRef = 2F8A6F0721A67EAD0056D4AD /* LiveView.swift */; };
		2F8A6F0A21A680CB0056D4AD /* PercentageButton.swift in Sources */ = {isa = PBXBuildFile; fileRef = 2F8A6F0921A680CB0056D4AD /* PercentageButton.swift */; };
		2F8A6F1021AB71C00056D4AD /* WelcomeViewController.swift in Sources */ = {isa = PBXBuildFile; fileRef = 2F8A6F0D21AB71BF0056D4AD /* WelcomeViewController.swift */; };
		2F8A6F1121AB71C00056D4AD /* LoginViewController.swift in Sources */ = {isa = PBXBuildFile; fileRef = 2F8A6F0E21AB71C00056D4AD /* LoginViewController.swift */; };
		2F8A6F1221AB71C00056D4AD /* SignupViewController.swift in Sources */ = {isa = PBXBuildFile; fileRef = 2F8A6F0F21AB71C00056D4AD /* SignupViewController.swift */; };
		2F8A6F1421AB72300056D4AD /* FeatherIcon.framework in Frameworks */ = {isa = PBXBuildFile; fileRef = 2F8A6F1321AB72300056D4AD /* FeatherIcon.framework */; };
		2F8A6F1921AB74140056D4AD /* ReactiveCocoa.framework in Frameworks */ = {isa = PBXBuildFile; fileRef = 2F8A6F1521AB74140056D4AD /* ReactiveCocoa.framework */; };
		2F8A6F1A21AB74140056D4AD /* Result.framework in Frameworks */ = {isa = PBXBuildFile; fileRef = 2F8A6F1621AB74140056D4AD /* Result.framework */; };
		2F8A6F1B21AB74140056D4AD /* SkyFloatingLabelTextField.framework in Frameworks */ = {isa = PBXBuildFile; fileRef = 2F8A6F1721AB74140056D4AD /* SkyFloatingLabelTextField.framework */; };
		2F8A6F1C21AB74140056D4AD /* ReactiveSwift.framework in Frameworks */ = {isa = PBXBuildFile; fileRef = 2F8A6F1821AB74140056D4AD /* ReactiveSwift.framework */; };
		2F8A6F2021AB74B80056D4AD /* UIViewController+Back.swift in Sources */ = {isa = PBXBuildFile; fileRef = 2F8A6F1E21AB74B80056D4AD /* UIViewController+Back.swift */; };
		2F8A6F2121AB74B80056D4AD /* UITextField+Toolbar.swift in Sources */ = {isa = PBXBuildFile; fileRef = 2F8A6F1F21AB74B80056D4AD /* UITextField+Toolbar.swift */; };
		2F8A6F2321AB74CA0056D4AD /* CommonUtility.swift in Sources */ = {isa = PBXBuildFile; fileRef = 2F8A6F2221AB74CA0056D4AD /* CommonUtility.swift */; };
		2F8A6F2521AB752D0056D4AD /* GSMessages.framework in Frameworks */ = {isa = PBXBuildFile; fileRef = 2F8A6F2421AB752D0056D4AD /* GSMessages.framework */; };
		2F8A6F2721AB76040056D4AD /* UIImage+Constants.swift in Sources */ = {isa = PBXBuildFile; fileRef = 2F8A6F2621AB76040056D4AD /* UIImage+Constants.swift */; };
		2F8A6F2921AB77E80056D4AD /* LoadingButton.swift in Sources */ = {isa = PBXBuildFile; fileRef = 2F8A6F2821AB77E80056D4AD /* LoadingButton.swift */; };
		2F8A6F2D21AB790E0056D4AD /* KeychainSwift.framework in Frameworks */ = {isa = PBXBuildFile; fileRef = 2F8A6F2C21AB790E0056D4AD /* KeychainSwift.framework */; };
		2F8A6F2F21AB799D0056D4AD /* NetworkHandler.swift in Sources */ = {isa = PBXBuildFile; fileRef = 2F8A6F2E21AB799D0056D4AD /* NetworkHandler.swift */; };
		2F8A6F3121AB79D20056D4AD /* URLRouter.swift in Sources */ = {isa = PBXBuildFile; fileRef = 2F8A6F3021AB79D20056D4AD /* URLRouter.swift */; };
		2F8A6F3321AB80370056D4AD /* AuthenticationManager.swift in Sources */ = {isa = PBXBuildFile; fileRef = 2F8A6F3221AB80370056D4AD /* AuthenticationManager.swift */; };
		2F8A6F3621AB81620056D4AD /* AppConstants.swift in Sources */ = {isa = PBXBuildFile; fileRef = 2F8A6F3521AB81620056D4AD /* AppConstants.swift */; };
		2F8A6F3821AB820E0056D4AD /* AppManager.swift in Sources */ = {isa = PBXBuildFile; fileRef = 2F8A6F3721AB820E0056D4AD /* AppManager.swift */; };
		2F8A6F3B21AB8A640056D4AD /* User.swift in Sources */ = {isa = PBXBuildFile; fileRef = 2F8A6F3A21AB8A640056D4AD /* User.swift */; };
		2F8A6F3D21ABC8B20056D4AD /* URLRequesst+cURL.swift in Sources */ = {isa = PBXBuildFile; fileRef = 2F8A6F3C21ABC8B20056D4AD /* URLRequesst+cURL.swift */; };
		2F8A6F4021ABC9AB0056D4AD /* NetworkHandler+Authentication.swift in Sources */ = {isa = PBXBuildFile; fileRef = 2F8A6F3F21ABC9AB0056D4AD /* NetworkHandler+Authentication.swift */; };
		2F8A6F4321ABCA1B0056D4AD /* Data+JSON.swift in Sources */ = {isa = PBXBuildFile; fileRef = 2F8A6F4121ABCA1B0056D4AD /* Data+JSON.swift */; };
		2F8A6F4421ABCA1B0056D4AD /* Dictionary+Decoder.swift in Sources */ = {isa = PBXBuildFile; fileRef = 2F8A6F4221ABCA1B0056D4AD /* Dictionary+Decoder.swift */; };
		2F8A6F4721ABCBD60056D4AD /* CommonError.swift in Sources */ = {isa = PBXBuildFile; fileRef = 2F8A6F4621ABCBD60056D4AD /* CommonError.swift */; };
		2F8A6F4921ABCD790056D4AD /* UIViewController+Messages.swift in Sources */ = {isa = PBXBuildFile; fileRef = 2F8A6F4821ABCD790056D4AD /* UIViewController+Messages.swift */; };
		2F99877B21A282E3001B1256 /* AppDelegate.swift in Sources */ = {isa = PBXBuildFile; fileRef = 2F99877A21A282E3001B1256 /* AppDelegate.swift */; };
		2F99878021A282E3001B1256 /* Main.storyboard in Resources */ = {isa = PBXBuildFile; fileRef = 2F99877E21A282E3001B1256 /* Main.storyboard */; };
		2F99878221A282E7001B1256 /* Assets.xcassets in Resources */ = {isa = PBXBuildFile; fileRef = 2F99878121A282E7001B1256 /* Assets.xcassets */; };
		2F99878521A282E7001B1256 /* LaunchScreen.storyboard in Resources */ = {isa = PBXBuildFile; fileRef = 2F99878321A282E7001B1256 /* LaunchScreen.storyboard */; };
		2F99879021A282E7001B1256 /* frictionTests.swift in Sources */ = {isa = PBXBuildFile; fileRef = 2F99878F21A282E7001B1256 /* frictionTests.swift */; };
		2F99879B21A282E7001B1256 /* frictionUITests.swift in Sources */ = {isa = PBXBuildFile; fileRef = 2F99879A21A282E7001B1256 /* frictionUITests.swift */; };
		2F9987AC21A28EF9001B1256 /* MainViewController.swift in Sources */ = {isa = PBXBuildFile; fileRef = 2F9987AB21A28EF9001B1256 /* MainViewController.swift */; };
		2F9987B021A29131001B1256 /* SnapKit.framework in Frameworks */ = {isa = PBXBuildFile; fileRef = 2F9987AE21A29131001B1256 /* SnapKit.framework */; };
		2F9987B121A29131001B1256 /* Alamofire.framework in Frameworks */ = {isa = PBXBuildFile; fileRef = 2F9987AF21A29131001B1256 /* Alamofire.framework */; };
		2F9DF8B021AF9CE2001D437F /* HistoryPollTableViewCell.swift in Sources */ = {isa = PBXBuildFile; fileRef = 2F9DF8AF21AF9CE2001D437F /* HistoryPollTableViewCell.swift */; };
		2FEA96BD21AFA10800522C0F /* Poll.swift in Sources */ = {isa = PBXBuildFile; fileRef = 2FEA96BC21AFA10800522C0F /* Poll.swift */; };
		2FEA96BF21AFD24700522C0F /* NetworkHandler+Poll.swift in Sources */ = {isa = PBXBuildFile; fileRef = 2FEA96BE21AFD24700522C0F /* NetworkHandler+Poll.swift */; };
		2FEA96C121AFD76D00522C0F /* DateFormatter+Constants.swift in Sources */ = {isa = PBXBuildFile; fileRef = 2FEA96C021AFD76D00522C0F /* DateFormatter+Constants.swift */; };
		2FEA96C721B242CC00522C0F /* NetworkHandler+Votes.swift in Sources */ = {isa = PBXBuildFile; fileRef = 2FEA96C621B242CC00522C0F /* NetworkHandler+Votes.swift */; };
		2FEA96C921B2433600522C0F /* PollHolder.swift in Sources */ = {isa = PBXBuildFile; fileRef = 2FEA96C821B2433600522C0F /* PollHolder.swift */; };
		2FEA96CB21B247CD00522C0F /* Vote.swift in Sources */ = {isa = PBXBuildFile; fileRef = 2FEA96CA21B247CD00522C0F /* Vote.swift */; };
		2FEA96CD21B25C9500522C0F /* LivePollTableViewCell.swift in Sources */ = {isa = PBXBuildFile; fileRef = 2FEA96CC21B25C9500522C0F /* LivePollTableViewCell.swift */; };
/* End PBXBuildFile section */

/* Begin PBXContainerItemProxy section */
		2F99878C21A282E7001B1256 /* PBXContainerItemProxy */ = {
			isa = PBXContainerItemProxy;
			containerPortal = 2F99876F21A282E3001B1256 /* Project object */;
			proxyType = 1;
			remoteGlobalIDString = 2F99877621A282E3001B1256;
			remoteInfo = friction;
		};
		2F99879721A282E7001B1256 /* PBXContainerItemProxy */ = {
			isa = PBXContainerItemProxy;
			containerPortal = 2F99876F21A282E3001B1256 /* Project object */;
			proxyType = 1;
			remoteGlobalIDString = 2F99877621A282E3001B1256;
			remoteInfo = friction;
		};
/* End PBXContainerItemProxy section */

/* Begin PBXFileReference section */
		2F45105D21B34B3500EC529E /* DeviceToken.swift */ = {isa = PBXFileReference; lastKnownFileType = sourcecode.swift; path = DeviceToken.swift; sourceTree = "<group>"; };
		2F45105F21B34BA900EC529E /* NetworkHandler+Token.swift */ = {isa = PBXFileReference; lastKnownFileType = sourcecode.swift; path = "NetworkHandler+Token.swift"; sourceTree = "<group>"; };
		2F45106121B380E100EC529E /* AvatarView.swift */ = {isa = PBXFileReference; fileEncoding = 4; lastKnownFileType = sourcecode.swift; path = AvatarView.swift; sourceTree = "<group>"; };
		2F45106321B3860400EC529E /* ProfileView.swift */ = {isa = PBXFileReference; fileEncoding = 4; lastKnownFileType = sourcecode.swift; path = ProfileView.swift; sourceTree = "<group>"; };
		2F45106621B3868700EC529E /* ProfileViewController.swift */ = {isa = PBXFileReference; fileEncoding = 4; lastKnownFileType = sourcecode.swift; path = ProfileViewController.swift; sourceTree = "<group>"; };
		2F45106821B3869B00EC529E /* ProfileBaseViewController.swift */ = {isa = PBXFileReference; fileEncoding = 4; lastKnownFileType = sourcecode.swift; path = ProfileBaseViewController.swift; sourceTree = "<group>"; };
		2F45106A21B3886500EC529E /* ProfileDetailValueTableViewCell.swift */ = {isa = PBXFileReference; fileEncoding = 4; lastKnownFileType = sourcecode.swift; path = ProfileDetailValueTableViewCell.swift; sourceTree = "<group>"; };
		2F45106C21B38E9F00EC529E /* NetworkHandler+User.swift */ = {isa = PBXFileReference; lastKnownFileType = sourcecode.swift; path = "NetworkHandler+User.swift"; sourceTree = "<group>"; };
		2F45106E21B38F7900EC529E /* User+Image.swift */ = {isa = PBXFileReference; lastKnownFileType = sourcecode.swift; path = "User+Image.swift"; sourceTree = "<group>"; };
		2F45107021B38FCC00EC529E /* NetworkHandler+Image.swift */ = {isa = PBXFileReference; lastKnownFileType = sourcecode.swift; path = "NetworkHandler+Image.swift"; sourceTree = "<group>"; };
		2F45107221B390FE00EC529E /* CALayer+Shadow.swift */ = {isa = PBXFileReference; lastKnownFileType = sourcecode.swift; path = "CALayer+Shadow.swift"; sourceTree = "<group>"; };
		2F45107421B3931600EC529E /* SDWebImage.framework */ = {isa = PBXFileReference; lastKnownFileType = wrapper.framework; name = SDWebImage.framework; path = Carthage/Build/iOS/SDWebImage.framework; sourceTree = "<group>"; };
		2F45107621B47C9A00EC529E /* ProgressView.swift */ = {isa = PBXFileReference; lastKnownFileType = sourcecode.swift; path = ProgressView.swift; sourceTree = "<group>"; };
		2F45107821B47E5F00EC529E /* ButtonScrollView.swift */ = {isa = PBXFileReference; lastKnownFileType = sourcecode.swift; path = ButtonScrollView.swift; sourceTree = "<group>"; };
		2F45107B21B48BEB00EC529E /* ChatViewController.swift */ = {isa = PBXFileReference; lastKnownFileType = sourcecode.swift; path = ChatViewController.swift; sourceTree = "<group>"; };
		2F45107D21B4902200EC529E /* ProgressLabelView.swift */ = {isa = PBXFileReference; lastKnownFileType = sourcecode.swift; path = ProgressLabelView.swift; sourceTree = "<group>"; };
		2F45107F21B4C54000EC529E /* ClapView.swift */ = {isa = PBXFileReference; lastKnownFileType = sourcecode.swift; path = ClapView.swift; sourceTree = "<group>"; };
		2F45108121B4C5FC00EC529E /* UIImageView+TintColor.swift */ = {isa = PBXFileReference; lastKnownFileType = sourcecode.swift; path = "UIImageView+TintColor.swift"; sourceTree = "<group>"; };
		2F45108321B4C71300EC529E /* MessageView.swift */ = {isa = PBXFileReference; lastKnownFileType = sourcecode.swift; path = MessageView.swift; sourceTree = "<group>"; };
		2F45108521B4C8F200EC529E /* FullMessageTableViewCell.swift */ = {isa = PBXFileReference; lastKnownFileType = sourcecode.swift; path = FullMessageTableViewCell.swift; sourceTree = "<group>"; };
		2F45108721B4D9BE00EC529E /* ChatTextField.swift */ = {isa = PBXFileReference; lastKnownFileType = sourcecode.swift; path = ChatTextField.swift; sourceTree = "<group>"; };
		2F45108A21B5208E00EC529E /* Starscream.framework */ = {isa = PBXFileReference; lastKnownFileType = wrapper.framework; name = Starscream.framework; path = Carthage/Build/iOS/Starscream.framework; sourceTree = "<group>"; };
		2F45108B21B5208E00EC529E /* SwiftPhoenixClient.framework */ = {isa = PBXFileReference; lastKnownFileType = wrapper.framework; name = SwiftPhoenixClient.framework; path = Carthage/Build/iOS/SwiftPhoenixClient.framework; sourceTree = "<group>"; };
		2F45108F21B523D300EC529E /* Message.swift */ = {isa = PBXFileReference; lastKnownFileType = sourcecode.swift; path = Message.swift; sourceTree = "<group>"; };
		2F45109121B52E9300EC529E /* ChatBoxView.swift */ = {isa = PBXFileReference; lastKnownFileType = sourcecode.swift; path = ChatBoxView.swift; sourceTree = "<group>"; };
		2F45109321B53A8200EC529E /* NetworkHandler+Messages.swift */ = {isa = PBXFileReference; lastKnownFileType = sourcecode.swift; path = "NetworkHandler+Messages.swift"; sourceTree = "<group>"; };
		2F5D1CD421A292EF003D0587 /* AvenirNextLTPro-Regular.otf */ = {isa = PBXFileReference; lastKnownFileType = file; path = "AvenirNextLTPro-Regular.otf"; sourceTree = "<group>"; };
		2F5D1CD521A292EF003D0587 /* AvenirNextLTPro-UltLt.otf */ = {isa = PBXFileReference; lastKnownFileType = file; path = "AvenirNextLTPro-UltLt.otf"; sourceTree = "<group>"; };
		2F5D1CD621A292EF003D0587 /* AvenirNextLTPro-Bold.otf */ = {isa = PBXFileReference; lastKnownFileType = file; path = "AvenirNextLTPro-Bold.otf"; sourceTree = "<group>"; };
		2F5D1CD721A292EF003D0587 /* AvenirNextLTPro-Medium.otf */ = {isa = PBXFileReference; lastKnownFileType = file; path = "AvenirNextLTPro-Medium.otf"; sourceTree = "<group>"; };
		2F5D1CD821A292EF003D0587 /* AvenirNextLTPro-Demi.otf */ = {isa = PBXFileReference; lastKnownFileType = file; path = "AvenirNextLTPro-Demi.otf"; sourceTree = "<group>"; };
		2F5D1CD921A292F0003D0587 /* AvenirNextLTPro-UltLtIt.otf */ = {isa = PBXFileReference; lastKnownFileType = file; path = "AvenirNextLTPro-UltLtIt.otf"; sourceTree = "<group>"; };
		2F5D1CDA21A292F0003D0587 /* AvenirNextLTPro-It.otf */ = {isa = PBXFileReference; lastKnownFileType = file; path = "AvenirNextLTPro-It.otf"; sourceTree = "<group>"; };
		2F5D1CE321A29344003D0587 /* UIFont+CustomFonts.swift */ = {isa = PBXFileReference; fileEncoding = 4; lastKnownFileType = sourcecode.swift; path = "UIFont+CustomFonts.swift"; sourceTree = "<group>"; };
		2F5D1CE521A293A0003D0587 /* UIColor+HexRGB.swift */ = {isa = PBXFileReference; fileEncoding = 4; lastKnownFileType = sourcecode.swift; path = "UIColor+HexRGB.swift"; sourceTree = "<group>"; };
		2F8A6F0521A679FB0056D4AD /* BasePollTableViewCell.swift */ = {isa = PBXFileReference; lastKnownFileType = sourcecode.swift; path = BasePollTableViewCell.swift; sourceTree = "<group>"; };
		2F8A6F0721A67EAD0056D4AD /* LiveView.swift */ = {isa = PBXFileReference; lastKnownFileType = sourcecode.swift; path = LiveView.swift; sourceTree = "<group>"; };
		2F8A6F0921A680CB0056D4AD /* PercentageButton.swift */ = {isa = PBXFileReference; lastKnownFileType = sourcecode.swift; path = PercentageButton.swift; sourceTree = "<group>"; };
		2F8A6F0D21AB71BF0056D4AD /* WelcomeViewController.swift */ = {isa = PBXFileReference; fileEncoding = 4; lastKnownFileType = sourcecode.swift; path = WelcomeViewController.swift; sourceTree = "<group>"; };
		2F8A6F0E21AB71C00056D4AD /* LoginViewController.swift */ = {isa = PBXFileReference; fileEncoding = 4; lastKnownFileType = sourcecode.swift; path = LoginViewController.swift; sourceTree = "<group>"; };
		2F8A6F0F21AB71C00056D4AD /* SignupViewController.swift */ = {isa = PBXFileReference; fileEncoding = 4; lastKnownFileType = sourcecode.swift; path = SignupViewController.swift; sourceTree = "<group>"; };
		2F8A6F1321AB72300056D4AD /* FeatherIcon.framework */ = {isa = PBXFileReference; lastKnownFileType = wrapper.framework; name = FeatherIcon.framework; path = Carthage/Build/iOS/FeatherIcon.framework; sourceTree = "<group>"; };
		2F8A6F1521AB74140056D4AD /* ReactiveCocoa.framework */ = {isa = PBXFileReference; lastKnownFileType = wrapper.framework; name = ReactiveCocoa.framework; path = Carthage/Build/iOS/ReactiveCocoa.framework; sourceTree = "<group>"; };
		2F8A6F1621AB74140056D4AD /* Result.framework */ = {isa = PBXFileReference; lastKnownFileType = wrapper.framework; name = Result.framework; path = Carthage/Build/iOS/Result.framework; sourceTree = "<group>"; };
		2F8A6F1721AB74140056D4AD /* SkyFloatingLabelTextField.framework */ = {isa = PBXFileReference; lastKnownFileType = wrapper.framework; name = SkyFloatingLabelTextField.framework; path = Carthage/Build/iOS/SkyFloatingLabelTextField.framework; sourceTree = "<group>"; };
		2F8A6F1821AB74140056D4AD /* ReactiveSwift.framework */ = {isa = PBXFileReference; lastKnownFileType = wrapper.framework; name = ReactiveSwift.framework; path = Carthage/Build/iOS/ReactiveSwift.framework; sourceTree = "<group>"; };
		2F8A6F1E21AB74B80056D4AD /* UIViewController+Back.swift */ = {isa = PBXFileReference; fileEncoding = 4; lastKnownFileType = sourcecode.swift; path = "UIViewController+Back.swift"; sourceTree = "<group>"; };
		2F8A6F1F21AB74B80056D4AD /* UITextField+Toolbar.swift */ = {isa = PBXFileReference; fileEncoding = 4; lastKnownFileType = sourcecode.swift; path = "UITextField+Toolbar.swift"; sourceTree = "<group>"; };
		2F8A6F2221AB74CA0056D4AD /* CommonUtility.swift */ = {isa = PBXFileReference; fileEncoding = 4; lastKnownFileType = sourcecode.swift; path = CommonUtility.swift; sourceTree = "<group>"; };
		2F8A6F2421AB752D0056D4AD /* GSMessages.framework */ = {isa = PBXFileReference; lastKnownFileType = wrapper.framework; name = GSMessages.framework; path = Carthage/Build/iOS/GSMessages.framework; sourceTree = "<group>"; };
		2F8A6F2621AB76040056D4AD /* UIImage+Constants.swift */ = {isa = PBXFileReference; fileEncoding = 4; lastKnownFileType = sourcecode.swift; path = "UIImage+Constants.swift"; sourceTree = "<group>"; };
		2F8A6F2821AB77E80056D4AD /* LoadingButton.swift */ = {isa = PBXFileReference; fileEncoding = 4; lastKnownFileType = sourcecode.swift; path = LoadingButton.swift; sourceTree = "<group>"; };
		2F8A6F2C21AB790E0056D4AD /* KeychainSwift.framework */ = {isa = PBXFileReference; lastKnownFileType = wrapper.framework; name = KeychainSwift.framework; path = Carthage/Build/iOS/KeychainSwift.framework; sourceTree = "<group>"; };
		2F8A6F2E21AB799D0056D4AD /* NetworkHandler.swift */ = {isa = PBXFileReference; lastKnownFileType = sourcecode.swift; path = NetworkHandler.swift; sourceTree = "<group>"; };
		2F8A6F3021AB79D20056D4AD /* URLRouter.swift */ = {isa = PBXFileReference; lastKnownFileType = sourcecode.swift; path = URLRouter.swift; sourceTree = "<group>"; };
		2F8A6F3221AB80370056D4AD /* AuthenticationManager.swift */ = {isa = PBXFileReference; lastKnownFileType = sourcecode.swift; path = AuthenticationManager.swift; sourceTree = "<group>"; };
		2F8A6F3521AB81620056D4AD /* AppConstants.swift */ = {isa = PBXFileReference; lastKnownFileType = sourcecode.swift; path = AppConstants.swift; sourceTree = "<group>"; };
		2F8A6F3721AB820E0056D4AD /* AppManager.swift */ = {isa = PBXFileReference; lastKnownFileType = sourcecode.swift; path = AppManager.swift; sourceTree = "<group>"; };
		2F8A6F3A21AB8A640056D4AD /* User.swift */ = {isa = PBXFileReference; lastKnownFileType = sourcecode.swift; path = User.swift; sourceTree = "<group>"; };
		2F8A6F3C21ABC8B20056D4AD /* URLRequesst+cURL.swift */ = {isa = PBXFileReference; fileEncoding = 4; lastKnownFileType = sourcecode.swift; path = "URLRequesst+cURL.swift"; sourceTree = "<group>"; };
		2F8A6F3F21ABC9AB0056D4AD /* NetworkHandler+Authentication.swift */ = {isa = PBXFileReference; lastKnownFileType = sourcecode.swift; path = "NetworkHandler+Authentication.swift"; sourceTree = "<group>"; };
		2F8A6F4121ABCA1B0056D4AD /* Data+JSON.swift */ = {isa = PBXFileReference; fileEncoding = 4; lastKnownFileType = sourcecode.swift; path = "Data+JSON.swift"; sourceTree = "<group>"; };
		2F8A6F4221ABCA1B0056D4AD /* Dictionary+Decoder.swift */ = {isa = PBXFileReference; fileEncoding = 4; lastKnownFileType = sourcecode.swift; path = "Dictionary+Decoder.swift"; sourceTree = "<group>"; };
		2F8A6F4621ABCBD60056D4AD /* CommonError.swift */ = {isa = PBXFileReference; lastKnownFileType = sourcecode.swift; path = CommonError.swift; sourceTree = "<group>"; };
		2F8A6F4821ABCD790056D4AD /* UIViewController+Messages.swift */ = {isa = PBXFileReference; lastKnownFileType = sourcecode.swift; path = "UIViewController+Messages.swift"; sourceTree = "<group>"; };
		2F99877721A282E3001B1256 /* friction.app */ = {isa = PBXFileReference; explicitFileType = wrapper.application; includeInIndex = 0; path = friction.app; sourceTree = BUILT_PRODUCTS_DIR; };
		2F99877A21A282E3001B1256 /* AppDelegate.swift */ = {isa = PBXFileReference; lastKnownFileType = sourcecode.swift; path = AppDelegate.swift; sourceTree = "<group>"; };
		2F99877F21A282E3001B1256 /* Base */ = {isa = PBXFileReference; lastKnownFileType = file.storyboard; name = Base; path = Base.lproj/Main.storyboard; sourceTree = "<group>"; };
		2F99878121A282E7001B1256 /* Assets.xcassets */ = {isa = PBXFileReference; lastKnownFileType = folder.assetcatalog; path = Assets.xcassets; sourceTree = "<group>"; };
		2F99878421A282E7001B1256 /* Base */ = {isa = PBXFileReference; lastKnownFileType = file.storyboard; name = Base; path = Base.lproj/LaunchScreen.storyboard; sourceTree = "<group>"; };
		2F99878621A282E7001B1256 /* Info.plist */ = {isa = PBXFileReference; lastKnownFileType = text.plist.xml; path = Info.plist; sourceTree = "<group>"; };
		2F99878B21A282E7001B1256 /* frictionTests.xctest */ = {isa = PBXFileReference; explicitFileType = wrapper.cfbundle; includeInIndex = 0; path = frictionTests.xctest; sourceTree = BUILT_PRODUCTS_DIR; };
		2F99878F21A282E7001B1256 /* frictionTests.swift */ = {isa = PBXFileReference; lastKnownFileType = sourcecode.swift; path = frictionTests.swift; sourceTree = "<group>"; };
		2F99879121A282E7001B1256 /* Info.plist */ = {isa = PBXFileReference; lastKnownFileType = text.plist.xml; path = Info.plist; sourceTree = "<group>"; };
		2F99879621A282E7001B1256 /* frictionUITests.xctest */ = {isa = PBXFileReference; explicitFileType = wrapper.cfbundle; includeInIndex = 0; path = frictionUITests.xctest; sourceTree = BUILT_PRODUCTS_DIR; };
		2F99879A21A282E7001B1256 /* frictionUITests.swift */ = {isa = PBXFileReference; lastKnownFileType = sourcecode.swift; path = frictionUITests.swift; sourceTree = "<group>"; };
		2F99879C21A282E7001B1256 /* Info.plist */ = {isa = PBXFileReference; lastKnownFileType = text.plist.xml; path = Info.plist; sourceTree = "<group>"; };
		2F9987AB21A28EF9001B1256 /* MainViewController.swift */ = {isa = PBXFileReference; lastKnownFileType = sourcecode.swift; path = MainViewController.swift; sourceTree = "<group>"; };
		2F9987AE21A29131001B1256 /* SnapKit.framework */ = {isa = PBXFileReference; lastKnownFileType = wrapper.framework; name = SnapKit.framework; path = Carthage/Build/iOS/SnapKit.framework; sourceTree = "<group>"; };
		2F9987AF21A29131001B1256 /* Alamofire.framework */ = {isa = PBXFileReference; lastKnownFileType = wrapper.framework; name = Alamofire.framework; path = Carthage/Build/iOS/Alamofire.framework; sourceTree = "<group>"; };
		2F9DF8AF21AF9CE2001D437F /* HistoryPollTableViewCell.swift */ = {isa = PBXFileReference; lastKnownFileType = sourcecode.swift; path = HistoryPollTableViewCell.swift; sourceTree = "<group>"; };
		2FEA96BC21AFA10800522C0F /* Poll.swift */ = {isa = PBXFileReference; lastKnownFileType = sourcecode.swift; path = Poll.swift; sourceTree = "<group>"; };
		2FEA96BE21AFD24700522C0F /* NetworkHandler+Poll.swift */ = {isa = PBXFileReference; lastKnownFileType = sourcecode.swift; path = "NetworkHandler+Poll.swift"; sourceTree = "<group>"; };
		2FEA96C021AFD76D00522C0F /* DateFormatter+Constants.swift */ = {isa = PBXFileReference; lastKnownFileType = sourcecode.swift; path = "DateFormatter+Constants.swift"; sourceTree = "<group>"; };
		2FEA96C621B242CC00522C0F /* NetworkHandler+Votes.swift */ = {isa = PBXFileReference; lastKnownFileType = sourcecode.swift; path = "NetworkHandler+Votes.swift"; sourceTree = "<group>"; };
		2FEA96C821B2433600522C0F /* PollHolder.swift */ = {isa = PBXFileReference; lastKnownFileType = sourcecode.swift; path = PollHolder.swift; sourceTree = "<group>"; };
		2FEA96CA21B247CD00522C0F /* Vote.swift */ = {isa = PBXFileReference; lastKnownFileType = sourcecode.swift; path = Vote.swift; sourceTree = "<group>"; };
		2FEA96CC21B25C9500522C0F /* LivePollTableViewCell.swift */ = {isa = PBXFileReference; lastKnownFileType = sourcecode.swift; path = LivePollTableViewCell.swift; sourceTree = "<group>"; };
		2FEA96CE21B268CD00522C0F /* friction.entitlements */ = {isa = PBXFileReference; lastKnownFileType = text.plist.entitlements; path = friction.entitlements; sourceTree = "<group>"; };
/* End PBXFileReference section */

/* Begin PBXFrameworksBuildPhase section */
		2F99877421A282E3001B1256 /* Frameworks */ = {
			isa = PBXFrameworksBuildPhase;
			buildActionMask = 2147483647;
			files = (
				2F45108C21B5208E00EC529E /* Starscream.framework in Frameworks */,
				2F45108D21B5208E00EC529E /* SwiftPhoenixClient.framework in Frameworks */,
				2F45107521B3931600EC529E /* SDWebImage.framework in Frameworks */,
				2F8A6F2D21AB790E0056D4AD /* KeychainSwift.framework in Frameworks */,
				2F8A6F2521AB752D0056D4AD /* GSMessages.framework in Frameworks */,
				2F8A6F1921AB74140056D4AD /* ReactiveCocoa.framework in Frameworks */,
				2F8A6F1A21AB74140056D4AD /* Result.framework in Frameworks */,
				2F8A6F1B21AB74140056D4AD /* SkyFloatingLabelTextField.framework in Frameworks */,
				2F8A6F1C21AB74140056D4AD /* ReactiveSwift.framework in Frameworks */,
				2F8A6F1421AB72300056D4AD /* FeatherIcon.framework in Frameworks */,
				2F9987B021A29131001B1256 /* SnapKit.framework in Frameworks */,
				2F9987B121A29131001B1256 /* Alamofire.framework in Frameworks */,
			);
			runOnlyForDeploymentPostprocessing = 0;
		};
		2F99878821A282E7001B1256 /* Frameworks */ = {
			isa = PBXFrameworksBuildPhase;
			buildActionMask = 2147483647;
			files = (
			);
			runOnlyForDeploymentPostprocessing = 0;
		};
		2F99879321A282E7001B1256 /* Frameworks */ = {
			isa = PBXFrameworksBuildPhase;
			buildActionMask = 2147483647;
			files = (
			);
			runOnlyForDeploymentPostprocessing = 0;
		};
/* End PBXFrameworksBuildPhase section */

/* Begin PBXGroup section */
		2F45105C21B34B2000EC529E /* DeviceToken */ = {
			isa = PBXGroup;
			children = (
				2F45105D21B34B3500EC529E /* DeviceToken.swift */,
			);
			path = DeviceToken;
			sourceTree = "<group>";
		};
		2F45106521B3867C00EC529E /* Profile */ = {
			isa = PBXGroup;
			children = (
				2F45106821B3869B00EC529E /* ProfileBaseViewController.swift */,
				2F45106621B3868700EC529E /* ProfileViewController.swift */,
			);
			path = Profile;
			sourceTree = "<group>";
		};
		2F45107A21B48BDB00EC529E /* Chat */ = {
			isa = PBXGroup;
			children = (
				2F45107B21B48BEB00EC529E /* ChatViewController.swift */,
			);
			path = Chat;
			sourceTree = "<group>";
		};
		2F45108921B4E41F00EC529E /* Message */ = {
			isa = PBXGroup;
			children = (
			);
			path = Message;
			sourceTree = "<group>";
		};
		2F45108E21B5234000EC529E /* Message */ = {
			isa = PBXGroup;
			children = (
				2F45108F21B523D300EC529E /* Message.swift */,
			);
			path = Message;
			sourceTree = "<group>";
		};
		2F5D1CD321A292D7003D0587 /* Resources */ = {
			isa = PBXGroup;
			children = (
				2F5D1CD621A292EF003D0587 /* AvenirNextLTPro-Bold.otf */,
				2F5D1CD821A292EF003D0587 /* AvenirNextLTPro-Demi.otf */,
				2F5D1CDA21A292F0003D0587 /* AvenirNextLTPro-It.otf */,
				2F5D1CD721A292EF003D0587 /* AvenirNextLTPro-Medium.otf */,
				2F5D1CD421A292EF003D0587 /* AvenirNextLTPro-Regular.otf */,
				2F5D1CD521A292EF003D0587 /* AvenirNextLTPro-UltLt.otf */,
				2F5D1CD921A292F0003D0587 /* AvenirNextLTPro-UltLtIt.otf */,
			);
			path = Resources;
			sourceTree = "<group>";
		};
		2F5D1CE221A2932E003D0587 /* Extensions */ = {
			isa = PBXGroup;
			children = (
				2F45107221B390FE00EC529E /* CALayer+Shadow.swift */,
				2F8A6F4121ABCA1B0056D4AD /* Data+JSON.swift */,
				2FEA96C021AFD76D00522C0F /* DateFormatter+Constants.swift */,
				2F8A6F4221ABCA1B0056D4AD /* Dictionary+Decoder.swift */,
				2F5D1CE521A293A0003D0587 /* UIColor+HexRGB.swift */,
				2F5D1CE321A29344003D0587 /* UIFont+CustomFonts.swift */,
				2F8A6F2621AB76040056D4AD /* UIImage+Constants.swift */,
				2F45108121B4C5FC00EC529E /* UIImageView+TintColor.swift */,
				2F8A6F1F21AB74B80056D4AD /* UITextField+Toolbar.swift */,
				2F8A6F1E21AB74B80056D4AD /* UIViewController+Back.swift */,
				2F8A6F4821ABCD790056D4AD /* UIViewController+Messages.swift */,
				2F8A6F3C21ABC8B20056D4AD /* URLRequesst+cURL.swift */,
			);
			path = Extensions;
			sourceTree = "<group>";
		};
		2F8A6F0421A678620056D4AD /* Cells */ = {
			isa = PBXGroup;
			children = (
				2F8A6F0521A679FB0056D4AD /* BasePollTableViewCell.swift */,
				2F45108521B4C8F200EC529E /* FullMessageTableViewCell.swift */,
				2F9DF8AF21AF9CE2001D437F /* HistoryPollTableViewCell.swift */,
				2FEA96CC21B25C9500522C0F /* LivePollTableViewCell.swift */,
				2F45106A21B3886500EC529E /* ProfileDetailValueTableViewCell.swift */,
			);
			path = Cells;
			sourceTree = "<group>";
		};
		2F8A6F0B21AB70780056D4AD /* Home */ = {
			isa = PBXGroup;
			children = (
				2F9987AB21A28EF9001B1256 /* MainViewController.swift */,
			);
			path = Home;
			sourceTree = "<group>";
		};
		2F8A6F0C21AB708B0056D4AD /* Login */ = {
			isa = PBXGroup;
			children = (
				2F8A6F0E21AB71C00056D4AD /* LoginViewController.swift */,
				2F8A6F0F21AB71C00056D4AD /* SignupViewController.swift */,
				2F8A6F0D21AB71BF0056D4AD /* WelcomeViewController.swift */,
			);
			path = Login;
			sourceTree = "<group>";
		};
		2F8A6F1D21AB74880056D4AD /* Helper */ = {
			isa = PBXGroup;
			children = (
				2F8A6F3721AB820E0056D4AD /* AppManager.swift */,
				2F8A6F2221AB74CA0056D4AD /* CommonUtility.swift */,
			);
			path = Helper;
			sourceTree = "<group>";
		};
		2F8A6F2A21AB78720056D4AD /* Authentication */ = {
			isa = PBXGroup;
			children = (
				2F8A6F3221AB80370056D4AD /* AuthenticationManager.swift */,
			);
			path = Authentication;
			sourceTree = "<group>";
		};
		2F8A6F2B21AB78940056D4AD /* Network */ = {
			isa = PBXGroup;
			children = (
				2F8A6F2E21AB799D0056D4AD /* NetworkHandler.swift */,
				2F8A6F3021AB79D20056D4AD /* URLRouter.swift */,
				2F8A6F3E21ABC96A0056D4AD /* Helper */,
			);
			path = Network;
			sourceTree = "<group>";
		};
		2F8A6F3421AB81530056D4AD /* Constants */ = {
			isa = PBXGroup;
			children = (
				2F8A6F3521AB81620056D4AD /* AppConstants.swift */,
			);
			path = Constants;
			sourceTree = "<group>";
		};
		2F8A6F3921AB8A4C0056D4AD /* User */ = {
			isa = PBXGroup;
			children = (
				2F8A6F3A21AB8A640056D4AD /* User.swift */,
				2F45106E21B38F7900EC529E /* User+Image.swift */,
			);
			path = User;
			sourceTree = "<group>";
		};
		2F8A6F3E21ABC96A0056D4AD /* Helper */ = {
			isa = PBXGroup;
			children = (
				2F8A6F3F21ABC9AB0056D4AD /* NetworkHandler+Authentication.swift */,
				2F45107021B38FCC00EC529E /* NetworkHandler+Image.swift */,
				2F45109321B53A8200EC529E /* NetworkHandler+Messages.swift */,
				2FEA96BE21AFD24700522C0F /* NetworkHandler+Poll.swift */,
				2F45105F21B34BA900EC529E /* NetworkHandler+Token.swift */,
				2F45106C21B38E9F00EC529E /* NetworkHandler+User.swift */,
				2FEA96C621B242CC00522C0F /* NetworkHandler+Votes.swift */,
			);
			path = Helper;
			sourceTree = "<group>";
		};
		2F8A6F4521ABCBC90056D4AD /* Error */ = {
			isa = PBXGroup;
			children = (
				2F8A6F4621ABCBD60056D4AD /* CommonError.swift */,
			);
			path = Error;
			sourceTree = "<group>";
		};
		2F99876E21A282E3001B1256 = {
			isa = PBXGroup;
			children = (
				2F99877921A282E3001B1256 /* friction */,
				2F99878E21A282E7001B1256 /* frictionTests */,
				2F99879921A282E7001B1256 /* frictionUITests */,
				2F99877821A282E3001B1256 /* Products */,
				2F9987AD21A29130001B1256 /* Frameworks */,
			);
			sourceTree = "<group>";
		};
		2F99877821A282E3001B1256 /* Products */ = {
			isa = PBXGroup;
			children = (
				2F99877721A282E3001B1256 /* friction.app */,
				2F99878B21A282E7001B1256 /* frictionTests.xctest */,
				2F99879621A282E7001B1256 /* frictionUITests.xctest */,
			);
			name = Products;
			sourceTree = "<group>";
		};
		2F99877921A282E3001B1256 /* friction */ = {
			isa = PBXGroup;
			children = (
				2FEA96CE21B268CD00522C0F /* friction.entitlements */,
				2F9987A821A28ED1001B1256 /* Controller */,
				2F9987AA21A28EE6001B1256 /* Model */,
				2F9987A921A28EDC001B1256 /* View */,
				2F99877A21A282E3001B1256 /* AppDelegate.swift */,
				2F99877E21A282E3001B1256 /* Main.storyboard */,
				2F5D1CD321A292D7003D0587 /* Resources */,
				2F99878121A282E7001B1256 /* Assets.xcassets */,
				2F99878321A282E7001B1256 /* LaunchScreen.storyboard */,
				2F99878621A282E7001B1256 /* Info.plist */,
			);
			path = friction;
			sourceTree = "<group>";
		};
		2F99878E21A282E7001B1256 /* frictionTests */ = {
			isa = PBXGroup;
			children = (
				2F99878F21A282E7001B1256 /* frictionTests.swift */,
				2F99879121A282E7001B1256 /* Info.plist */,
			);
			path = frictionTests;
			sourceTree = "<group>";
		};
		2F99879921A282E7001B1256 /* frictionUITests */ = {
			isa = PBXGroup;
			children = (
				2F99879A21A282E7001B1256 /* frictionUITests.swift */,
				2F99879C21A282E7001B1256 /* Info.plist */,
			);
			path = frictionUITests;
			sourceTree = "<group>";
		};
		2F9987A821A28ED1001B1256 /* Controller */ = {
			isa = PBXGroup;
			children = (
				2F45107A21B48BDB00EC529E /* Chat */,
				2F8A6F0B21AB70780056D4AD /* Home */,
				2F8A6F0C21AB708B0056D4AD /* Login */,
				2F45108921B4E41F00EC529E /* Message */,
				2F45106521B3867C00EC529E /* Profile */,
			);
			path = Controller;
			sourceTree = "<group>";
		};
		2F9987A921A28EDC001B1256 /* View */ = {
			isa = PBXGroup;
			children = (
				2F8A6F0421A678620056D4AD /* Cells */,
				2F45106121B380E100EC529E /* AvatarView.swift */,
				2F45107821B47E5F00EC529E /* ButtonScrollView.swift */,
				2F45109121B52E9300EC529E /* ChatBoxView.swift */,
				2F45108721B4D9BE00EC529E /* ChatTextField.swift */,
				2F45107F21B4C54000EC529E /* ClapView.swift */,
				2F8A6F0721A67EAD0056D4AD /* LiveView.swift */,
				2F8A6F2821AB77E80056D4AD /* LoadingButton.swift */,
				2F45108321B4C71300EC529E /* MessageView.swift */,
				2F8A6F0921A680CB0056D4AD /* PercentageButton.swift */,
				2F45106321B3860400EC529E /* ProfileView.swift */,
				2F45107D21B4902200EC529E /* ProgressLabelView.swift */,
				2F45107621B47C9A00EC529E /* ProgressView.swift */,
			);
			path = View;
			sourceTree = "<group>";
		};
		2F9987AA21A28EE6001B1256 /* Model */ = {
			isa = PBXGroup;
			children = (
				2F8A6F2A21AB78720056D4AD /* Authentication */,
				2F8A6F3421AB81530056D4AD /* Constants */,
				2F45105C21B34B2000EC529E /* DeviceToken */,
				2F8A6F4521ABCBC90056D4AD /* Error */,
				2F5D1CE221A2932E003D0587 /* Extensions */,
				2F8A6F1D21AB74880056D4AD /* Helper */,
				2F45108E21B5234000EC529E /* Message */,
				2F8A6F2B21AB78940056D4AD /* Network */,
				2F9DF8B121AF9E2B001D437F /* Poll */,
				2F8A6F3921AB8A4C0056D4AD /* User */,
			);
			path = Model;
			sourceTree = "<group>";
		};
		2F9987AD21A29130001B1256 /* Frameworks */ = {
			isa = PBXGroup;
			children = (
				2F45108A21B5208E00EC529E /* Starscream.framework */,
				2F45108B21B5208E00EC529E /* SwiftPhoenixClient.framework */,
				2F45107421B3931600EC529E /* SDWebImage.framework */,
				2F8A6F2C21AB790E0056D4AD /* KeychainSwift.framework */,
				2F8A6F2421AB752D0056D4AD /* GSMessages.framework */,
				2F8A6F1521AB74140056D4AD /* ReactiveCocoa.framework */,
				2F8A6F1821AB74140056D4AD /* ReactiveSwift.framework */,
				2F8A6F1621AB74140056D4AD /* Result.framework */,
				2F8A6F1721AB74140056D4AD /* SkyFloatingLabelTextField.framework */,
				2F8A6F1321AB72300056D4AD /* FeatherIcon.framework */,
				2F9987AF21A29131001B1256 /* Alamofire.framework */,
				2F9987AE21A29131001B1256 /* SnapKit.framework */,
			);
			name = Frameworks;
			sourceTree = "<group>";
		};
		2F9DF8B121AF9E2B001D437F /* Poll */ = {
			isa = PBXGroup;
			children = (
				2FEA96BC21AFA10800522C0F /* Poll.swift */,
				2FEA96C821B2433600522C0F /* PollHolder.swift */,
				2FEA96CA21B247CD00522C0F /* Vote.swift */,
			);
			path = Poll;
			sourceTree = "<group>";
		};
/* End PBXGroup section */

/* Begin PBXNativeTarget section */
		2F99877621A282E3001B1256 /* friction */ = {
			isa = PBXNativeTarget;
			buildConfigurationList = 2F99879F21A282E7001B1256 /* Build configuration list for PBXNativeTarget "friction" */;
			buildPhases = (
				2F99877321A282E3001B1256 /* Sources */,
				2F99877421A282E3001B1256 /* Frameworks */,
				2F99877521A282E3001B1256 /* Resources */,
				2F5D1CD121A29298003D0587 /* Copy Carthage Frameworks */,
			);
			buildRules = (
			);
			dependencies = (
			);
			name = friction;
			productName = friction;
			productReference = 2F99877721A282E3001B1256 /* friction.app */;
			productType = "com.apple.product-type.application";
		};
		2F99878A21A282E7001B1256 /* frictionTests */ = {
			isa = PBXNativeTarget;
			buildConfigurationList = 2F9987A221A282E7001B1256 /* Build configuration list for PBXNativeTarget "frictionTests" */;
			buildPhases = (
				2F99878721A282E7001B1256 /* Sources */,
				2F99878821A282E7001B1256 /* Frameworks */,
				2F99878921A282E7001B1256 /* Resources */,
			);
			buildRules = (
			);
			dependencies = (
				2F99878D21A282E7001B1256 /* PBXTargetDependency */,
			);
			name = frictionTests;
			productName = frictionTests;
			productReference = 2F99878B21A282E7001B1256 /* frictionTests.xctest */;
			productType = "com.apple.product-type.bundle.unit-test";
		};
		2F99879521A282E7001B1256 /* frictionUITests */ = {
			isa = PBXNativeTarget;
			buildConfigurationList = 2F9987A521A282E7001B1256 /* Build configuration list for PBXNativeTarget "frictionUITests" */;
			buildPhases = (
				2F99879221A282E7001B1256 /* Sources */,
				2F99879321A282E7001B1256 /* Frameworks */,
				2F99879421A282E7001B1256 /* Resources */,
			);
			buildRules = (
			);
			dependencies = (
				2F99879821A282E7001B1256 /* PBXTargetDependency */,
			);
			name = frictionUITests;
			productName = frictionUITests;
			productReference = 2F99879621A282E7001B1256 /* frictionUITests.xctest */;
			productType = "com.apple.product-type.bundle.ui-testing";
		};
/* End PBXNativeTarget section */

/* Begin PBXProject section */
		2F99876F21A282E3001B1256 /* Project object */ = {
			isa = PBXProject;
			attributes = {
				LastSwiftUpdateCheck = 1010;
				LastUpgradeCheck = 1010;
				ORGANIZATIONNAME = tjwio;
				TargetAttributes = {
					2F99877621A282E3001B1256 = {
						CreatedOnToolsVersion = 10.1;
						SystemCapabilities = {
							com.apple.Push = {
								enabled = 1;
							};
						};
					};
					2F99878A21A282E7001B1256 = {
						CreatedOnToolsVersion = 10.1;
						TestTargetID = 2F99877621A282E3001B1256;
					};
					2F99879521A282E7001B1256 = {
						CreatedOnToolsVersion = 10.1;
						TestTargetID = 2F99877621A282E3001B1256;
					};
				};
			};
			buildConfigurationList = 2F99877221A282E3001B1256 /* Build configuration list for PBXProject "friction" */;
			compatibilityVersion = "Xcode 9.3";
			developmentRegion = en;
			hasScannedForEncodings = 0;
			knownRegions = (
				en,
				Base,
			);
			mainGroup = 2F99876E21A282E3001B1256;
			productRefGroup = 2F99877821A282E3001B1256 /* Products */;
			projectDirPath = "";
			projectRoot = "";
			targets = (
				2F99877621A282E3001B1256 /* friction */,
				2F99878A21A282E7001B1256 /* frictionTests */,
				2F99879521A282E7001B1256 /* frictionUITests */,
			);
		};
/* End PBXProject section */

/* Begin PBXResourcesBuildPhase section */
		2F99877521A282E3001B1256 /* Resources */ = {
			isa = PBXResourcesBuildPhase;
			buildActionMask = 2147483647;
			files = (
				2F5D1CDF21A292F0003D0587 /* AvenirNextLTPro-Demi.otf in Resources */,
				2F99878521A282E7001B1256 /* LaunchScreen.storyboard in Resources */,
				2F5D1CE021A292F0003D0587 /* AvenirNextLTPro-UltLtIt.otf in Resources */,
				2F99878221A282E7001B1256 /* Assets.xcassets in Resources */,
				2F5D1CE121A292F0003D0587 /* AvenirNextLTPro-It.otf in Resources */,
				2F5D1CDE21A292F0003D0587 /* AvenirNextLTPro-Medium.otf in Resources */,
				2F5D1CDD21A292F0003D0587 /* AvenirNextLTPro-Bold.otf in Resources */,
				2F5D1CDB21A292F0003D0587 /* AvenirNextLTPro-Regular.otf in Resources */,
				2F5D1CDC21A292F0003D0587 /* AvenirNextLTPro-UltLt.otf in Resources */,
				2F99878021A282E3001B1256 /* Main.storyboard in Resources */,
			);
			runOnlyForDeploymentPostprocessing = 0;
		};
		2F99878921A282E7001B1256 /* Resources */ = {
			isa = PBXResourcesBuildPhase;
			buildActionMask = 2147483647;
			files = (
			);
			runOnlyForDeploymentPostprocessing = 0;
		};
		2F99879421A282E7001B1256 /* Resources */ = {
			isa = PBXResourcesBuildPhase;
			buildActionMask = 2147483647;
			files = (
			);
			runOnlyForDeploymentPostprocessing = 0;
		};
/* End PBXResourcesBuildPhase section */

/* Begin PBXShellScriptBuildPhase section */
		2F5D1CD121A29298003D0587 /* Copy Carthage Frameworks */ = {
			isa = PBXShellScriptBuildPhase;
			buildActionMask = 2147483647;
			files = (
			);
			inputFileListPaths = (
			);
			inputPaths = (
				"$(SRCROOT)/Carthage/Build/iOS/Alamofire.framework",
				"$(SRCROOT)/Carthage/Build/iOS/SnapKit.framework",
				"$(SRCROOT)/Carthage/Build/iOS/FeatherIcon.framework",
				"$(SRCROOT)/Carthage/Build/iOS/ReactiveSwift.framework",
				"$(SRCROOT)/Carthage/Build/iOS/ReactiveCocoa.framework",
				"$(SRCROOT)/Carthage/Build/iOS/Result.framework",
				"$(SRCROOT)/Carthage/Build/iOS/SkyFloatingLabelTextField.framework",
				"$(SRCROOT)/Carthage/Build/iOS/GSMessages.framework",
				"$(SRCROOT)/Carthage/Build/iOS/KeychainSwift.framework",
				"$(SRCROOT)/Carthage/Build/iOS/SDWebImage.framework",
				"$(SRCROOT)/Carthage/Build/iOS/Starscream.framework",
				"$(SRCROOT)/Carthage/Build/iOS/SwiftPhoenixClient.framework",
			);
			name = "Copy Carthage Frameworks";
			outputFileListPaths = (
			);
			outputPaths = (
			);
			runOnlyForDeploymentPostprocessing = 0;
			shellPath = /bin/sh;
			shellScript = "/usr/local/bin/carthage copy-frameworks\n";
		};
/* End PBXShellScriptBuildPhase section */

/* Begin PBXSourcesBuildPhase section */
		2F99877321A282E3001B1256 /* Sources */ = {
			isa = PBXSourcesBuildPhase;
			buildActionMask = 2147483647;
			files = (
				2F8A6F2321AB74CA0056D4AD /* CommonUtility.swift in Sources */,
				2F45107321B390FE00EC529E /* CALayer+Shadow.swift in Sources */,
				2F8A6F4321ABCA1B0056D4AD /* Data+JSON.swift in Sources */,
				2F45107C21B48BEB00EC529E /* ChatViewController.swift in Sources */,
				2F8A6F3821AB820E0056D4AD /* AppManager.swift in Sources */,
				2F45106421B3860400EC529E /* ProfileView.swift in Sources */,
				2F45108621B4C8F200EC529E /* FullMessageTableViewCell.swift in Sources */,
				2F45106D21B38E9F00EC529E /* NetworkHandler+User.swift in Sources */,
				2F8A6F2F21AB799D0056D4AD /* NetworkHandler.swift in Sources */,
				2F8A6F2921AB77E80056D4AD /* LoadingButton.swift in Sources */,
				2F8A6F1121AB71C00056D4AD /* LoginViewController.swift in Sources */,
				2F8A6F0621A679FB0056D4AD /* BasePollTableViewCell.swift in Sources */,
				2F99877B21A282E3001B1256 /* AppDelegate.swift in Sources */,
				2F45109021B523D300EC529E /* Message.swift in Sources */,
				2F45108421B4C71300EC529E /* MessageView.swift in Sources */,
				2F45108021B4C54000EC529E /* ClapView.swift in Sources */,
				2F8A6F1221AB71C00056D4AD /* SignupViewController.swift in Sources */,
				2F45109221B52E9300EC529E /* ChatBoxView.swift in Sources */,
				2F8A6F2721AB76040056D4AD /* UIImage+Constants.swift in Sources */,
				2FEA96BD21AFA10800522C0F /* Poll.swift in Sources */,
				2FEA96CB21B247CD00522C0F /* Vote.swift in Sources */,
				2F8A6F0A21A680CB0056D4AD /* PercentageButton.swift in Sources */,
				2FEA96C921B2433600522C0F /* PollHolder.swift in Sources */,
				2FEA96BF21AFD24700522C0F /* NetworkHandler+Poll.swift in Sources */,
				2F5D1CE421A29344003D0587 /* UIFont+CustomFonts.swift in Sources */,
				2F45107721B47C9A00EC529E /* ProgressView.swift in Sources */,
				2FEA96CD21B25C9500522C0F /* LivePollTableViewCell.swift in Sources */,
				2F9987AC21A28EF9001B1256 /* MainViewController.swift in Sources */,
				2F45106721B3868700EC529E /* ProfileViewController.swift in Sources */,
				2F45107E21B4902200EC529E /* ProgressLabelView.swift in Sources */,
				2F45107921B47E5F00EC529E /* ButtonScrollView.swift in Sources */,
				2F45109421B53A8200EC529E /* NetworkHandler+Messages.swift in Sources */,
				2F8A6F3621AB81620056D4AD /* AppConstants.swift in Sources */,
				2F8A6F4021ABC9AB0056D4AD /* NetworkHandler+Authentication.swift in Sources */,
				2F8A6F3321AB80370056D4AD /* AuthenticationManager.swift in Sources */,
				2F45106F21B38F7900EC529E /* User+Image.swift in Sources */,
				2F8A6F4921ABCD790056D4AD /* UIViewController+Messages.swift in Sources */,
				2F45108821B4D9BE00EC529E /* ChatTextField.swift in Sources */,
				2F8A6F4421ABCA1B0056D4AD /* Dictionary+Decoder.swift in Sources */,
				2F8A6F3B21AB8A640056D4AD /* User.swift in Sources */,
				2F8A6F3121AB79D20056D4AD /* URLRouter.swift in Sources */,
				2F8A6F2021AB74B80056D4AD /* UIViewController+Back.swift in Sources */,
				2F8A6F3D21ABC8B20056D4AD /* URLRequesst+cURL.swift in Sources */,
				2F45105E21B34B3500EC529E /* DeviceToken.swift in Sources */,
				2F9DF8B021AF9CE2001D437F /* HistoryPollTableViewCell.swift in Sources */,
				2FEA96C721B242CC00522C0F /* NetworkHandler+Votes.swift in Sources */,
				2FEA96C121AFD76D00522C0F /* DateFormatter+Constants.swift in Sources */,
				2F45106921B3869B00EC529E /* ProfileBaseViewController.swift in Sources */,
				2F8A6F0821A67EAD0056D4AD /* LiveView.swift in Sources */,
				2F45108221B4C5FC00EC529E /* UIImageView+TintColor.swift in Sources */,
				2F45106221B380E100EC529E /* AvatarView.swift in Sources */,
				2F45107121B38FCC00EC529E /* NetworkHandler+Image.swift in Sources */,
				2F8A6F2121AB74B80056D4AD /* UITextField+Toolbar.swift in Sources */,
				2F45106021B34BA900EC529E /* NetworkHandler+Token.swift in Sources */,
				2F8A6F1021AB71C00056D4AD /* WelcomeViewController.swift in Sources */,
				2F45106B21B3886500EC529E /* ProfileDetailValueTableViewCell.swift in Sources */,
				2F8A6F4721ABCBD60056D4AD /* CommonError.swift in Sources */,
				2F5D1CE621A293A0003D0587 /* UIColor+HexRGB.swift in Sources */,
			);
			runOnlyForDeploymentPostprocessing = 0;
		};
		2F99878721A282E7001B1256 /* Sources */ = {
			isa = PBXSourcesBuildPhase;
			buildActionMask = 2147483647;
			files = (
				2F99879021A282E7001B1256 /* frictionTests.swift in Sources */,
			);
			runOnlyForDeploymentPostprocessing = 0;
		};
		2F99879221A282E7001B1256 /* Sources */ = {
			isa = PBXSourcesBuildPhase;
			buildActionMask = 2147483647;
			files = (
				2F99879B21A282E7001B1256 /* frictionUITests.swift in Sources */,
			);
			runOnlyForDeploymentPostprocessing = 0;
		};
/* End PBXSourcesBuildPhase section */

/* Begin PBXTargetDependency section */
		2F99878D21A282E7001B1256 /* PBXTargetDependency */ = {
			isa = PBXTargetDependency;
			target = 2F99877621A282E3001B1256 /* friction */;
			targetProxy = 2F99878C21A282E7001B1256 /* PBXContainerItemProxy */;
		};
		2F99879821A282E7001B1256 /* PBXTargetDependency */ = {
			isa = PBXTargetDependency;
			target = 2F99877621A282E3001B1256 /* friction */;
			targetProxy = 2F99879721A282E7001B1256 /* PBXContainerItemProxy */;
		};
/* End PBXTargetDependency section */

/* Begin PBXVariantGroup section */
		2F99877E21A282E3001B1256 /* Main.storyboard */ = {
			isa = PBXVariantGroup;
			children = (
				2F99877F21A282E3001B1256 /* Base */,
			);
			name = Main.storyboard;
			sourceTree = "<group>";
		};
		2F99878321A282E7001B1256 /* LaunchScreen.storyboard */ = {
			isa = PBXVariantGroup;
			children = (
				2F99878421A282E7001B1256 /* Base */,
			);
			name = LaunchScreen.storyboard;
			sourceTree = "<group>";
		};
/* End PBXVariantGroup section */

/* Begin XCBuildConfiguration section */
		2F99879D21A282E7001B1256 /* Debug */ = {
			isa = XCBuildConfiguration;
			buildSettings = {
				ALWAYS_SEARCH_USER_PATHS = NO;
				CLANG_ANALYZER_NONNULL = YES;
				CLANG_ANALYZER_NUMBER_OBJECT_CONVERSION = YES_AGGRESSIVE;
				CLANG_CXX_LANGUAGE_STANDARD = "gnu++14";
				CLANG_CXX_LIBRARY = "libc++";
				CLANG_ENABLE_MODULES = YES;
				CLANG_ENABLE_OBJC_ARC = YES;
				CLANG_ENABLE_OBJC_WEAK = YES;
				CLANG_WARN_BLOCK_CAPTURE_AUTORELEASING = YES;
				CLANG_WARN_BOOL_CONVERSION = YES;
				CLANG_WARN_COMMA = YES;
				CLANG_WARN_CONSTANT_CONVERSION = YES;
				CLANG_WARN_DEPRECATED_OBJC_IMPLEMENTATIONS = YES;
				CLANG_WARN_DIRECT_OBJC_ISA_USAGE = YES_ERROR;
				CLANG_WARN_DOCUMENTATION_COMMENTS = YES;
				CLANG_WARN_EMPTY_BODY = YES;
				CLANG_WARN_ENUM_CONVERSION = YES;
				CLANG_WARN_INFINITE_RECURSION = YES;
				CLANG_WARN_INT_CONVERSION = YES;
				CLANG_WARN_NON_LITERAL_NULL_CONVERSION = YES;
				CLANG_WARN_OBJC_IMPLICIT_RETAIN_SELF = YES;
				CLANG_WARN_OBJC_LITERAL_CONVERSION = YES;
				CLANG_WARN_OBJC_ROOT_CLASS = YES_ERROR;
				CLANG_WARN_RANGE_LOOP_ANALYSIS = YES;
				CLANG_WARN_STRICT_PROTOTYPES = YES;
				CLANG_WARN_SUSPICIOUS_MOVE = YES;
				CLANG_WARN_UNGUARDED_AVAILABILITY = YES_AGGRESSIVE;
				CLANG_WARN_UNREACHABLE_CODE = YES;
				CLANG_WARN__DUPLICATE_METHOD_MATCH = YES;
				CODE_SIGN_IDENTITY = "iPhone Developer";
				COPY_PHASE_STRIP = NO;
				DEBUG_INFORMATION_FORMAT = dwarf;
				ENABLE_STRICT_OBJC_MSGSEND = YES;
				ENABLE_TESTABILITY = YES;
				GCC_C_LANGUAGE_STANDARD = gnu11;
				GCC_DYNAMIC_NO_PIC = NO;
				GCC_NO_COMMON_BLOCKS = YES;
				GCC_OPTIMIZATION_LEVEL = 0;
				GCC_PREPROCESSOR_DEFINITIONS = (
					"DEBUG=1",
					"$(inherited)",
				);
				GCC_WARN_64_TO_32_BIT_CONVERSION = YES;
				GCC_WARN_ABOUT_RETURN_TYPE = YES_ERROR;
				GCC_WARN_UNDECLARED_SELECTOR = YES;
				GCC_WARN_UNINITIALIZED_AUTOS = YES_AGGRESSIVE;
				GCC_WARN_UNUSED_FUNCTION = YES;
				GCC_WARN_UNUSED_VARIABLE = YES;
				IPHONEOS_DEPLOYMENT_TARGET = 12.1;
				MTL_ENABLE_DEBUG_INFO = INCLUDE_SOURCE;
				MTL_FAST_MATH = YES;
				ONLY_ACTIVE_ARCH = YES;
				SDKROOT = iphoneos;
				SWIFT_ACTIVE_COMPILATION_CONDITIONS = DEBUG;
				SWIFT_OPTIMIZATION_LEVEL = "-Onone";
			};
			name = Debug;
		};
		2F99879E21A282E7001B1256 /* Release */ = {
			isa = XCBuildConfiguration;
			buildSettings = {
				ALWAYS_SEARCH_USER_PATHS = NO;
				CLANG_ANALYZER_NONNULL = YES;
				CLANG_ANALYZER_NUMBER_OBJECT_CONVERSION = YES_AGGRESSIVE;
				CLANG_CXX_LANGUAGE_STANDARD = "gnu++14";
				CLANG_CXX_LIBRARY = "libc++";
				CLANG_ENABLE_MODULES = YES;
				CLANG_ENABLE_OBJC_ARC = YES;
				CLANG_ENABLE_OBJC_WEAK = YES;
				CLANG_WARN_BLOCK_CAPTURE_AUTORELEASING = YES;
				CLANG_WARN_BOOL_CONVERSION = YES;
				CLANG_WARN_COMMA = YES;
				CLANG_WARN_CONSTANT_CONVERSION = YES;
				CLANG_WARN_DEPRECATED_OBJC_IMPLEMENTATIONS = YES;
				CLANG_WARN_DIRECT_OBJC_ISA_USAGE = YES_ERROR;
				CLANG_WARN_DOCUMENTATION_COMMENTS = YES;
				CLANG_WARN_EMPTY_BODY = YES;
				CLANG_WARN_ENUM_CONVERSION = YES;
				CLANG_WARN_INFINITE_RECURSION = YES;
				CLANG_WARN_INT_CONVERSION = YES;
				CLANG_WARN_NON_LITERAL_NULL_CONVERSION = YES;
				CLANG_WARN_OBJC_IMPLICIT_RETAIN_SELF = YES;
				CLANG_WARN_OBJC_LITERAL_CONVERSION = YES;
				CLANG_WARN_OBJC_ROOT_CLASS = YES_ERROR;
				CLANG_WARN_RANGE_LOOP_ANALYSIS = YES;
				CLANG_WARN_STRICT_PROTOTYPES = YES;
				CLANG_WARN_SUSPICIOUS_MOVE = YES;
				CLANG_WARN_UNGUARDED_AVAILABILITY = YES_AGGRESSIVE;
				CLANG_WARN_UNREACHABLE_CODE = YES;
				CLANG_WARN__DUPLICATE_METHOD_MATCH = YES;
				CODE_SIGN_IDENTITY = "iPhone Developer";
				COPY_PHASE_STRIP = NO;
				DEBUG_INFORMATION_FORMAT = "dwarf-with-dsym";
				ENABLE_NS_ASSERTIONS = NO;
				ENABLE_STRICT_OBJC_MSGSEND = YES;
				GCC_C_LANGUAGE_STANDARD = gnu11;
				GCC_NO_COMMON_BLOCKS = YES;
				GCC_WARN_64_TO_32_BIT_CONVERSION = YES;
				GCC_WARN_ABOUT_RETURN_TYPE = YES_ERROR;
				GCC_WARN_UNDECLARED_SELECTOR = YES;
				GCC_WARN_UNINITIALIZED_AUTOS = YES_AGGRESSIVE;
				GCC_WARN_UNUSED_FUNCTION = YES;
				GCC_WARN_UNUSED_VARIABLE = YES;
				IPHONEOS_DEPLOYMENT_TARGET = 12.1;
				MTL_ENABLE_DEBUG_INFO = NO;
				MTL_FAST_MATH = YES;
				SDKROOT = iphoneos;
				SWIFT_COMPILATION_MODE = wholemodule;
				SWIFT_OPTIMIZATION_LEVEL = "-O";
				VALIDATE_PRODUCT = YES;
			};
			name = Release;
		};
		2F9987A021A282E7001B1256 /* Debug */ = {
			isa = XCBuildConfiguration;
			buildSettings = {
				ASSETCATALOG_COMPILER_APPICON_NAME = AppIcon;
				CODE_SIGN_ENTITLEMENTS = friction/friction.entitlements;
				CODE_SIGN_STYLE = Manual;
				CURRENT_PROJECT_VERSION = 5;
				DEVELOPMENT_TEAM = 9JBA7R48SP;
				FRAMEWORK_SEARCH_PATHS = (
					"$(inherited)",
					"$(PROJECT_DIR)/Carthage/Build/iOS",
				);
				INFOPLIST_FILE = friction/Info.plist;
				IPHONEOS_DEPLOYMENT_TARGET = 12.0;
				LD_RUNPATH_SEARCH_PATHS = (
					"$(inherited)",
					"@executable_path/Frameworks",
				);
				PRODUCT_BUNDLE_IDENTIFIER = io.tjw.friction;
				PRODUCT_NAME = "$(TARGET_NAME)";
				PROVISIONING_PROFILE_SPECIFIER = "match Development io.tjw.friction";
				SWIFT_VERSION = 4.2;
				TARGETED_DEVICE_FAMILY = "1,2";
				VERSIONING_SYSTEM = "apple-generic";
			};
			name = Debug;
		};
		2F9987A121A282E7001B1256 /* Release */ = {
			isa = XCBuildConfiguration;
			buildSettings = {
				ASSETCATALOG_COMPILER_APPICON_NAME = AppIcon;
				CODE_SIGN_ENTITLEMENTS = friction/friction.entitlements;
				CODE_SIGN_IDENTITY = "iPhone Distribution";
				CODE_SIGN_STYLE = Manual;
				CURRENT_PROJECT_VERSION = 5;
				DEVELOPMENT_TEAM = 9JBA7R48SP;
				FRAMEWORK_SEARCH_PATHS = (
					"$(inherited)",
					"$(PROJECT_DIR)/Carthage/Build/iOS",
				);
				INFOPLIST_FILE = friction/Info.plist;
				IPHONEOS_DEPLOYMENT_TARGET = 12.0;
				LD_RUNPATH_SEARCH_PATHS = (
					"$(inherited)",
					"@executable_path/Frameworks",
				);
				PRODUCT_BUNDLE_IDENTIFIER = io.tjw.friction;
				PRODUCT_NAME = "$(TARGET_NAME)";
				PROVISIONING_PROFILE_SPECIFIER = "match AdHoc io.tjw.friction";
				SWIFT_VERSION = 4.2;
				TARGETED_DEVICE_FAMILY = "1,2";
				VERSIONING_SYSTEM = "apple-generic";
			};
			name = Release;
		};
		2F9987A321A282E7001B1256 /* Debug */ = {
			isa = XCBuildConfiguration;
			buildSettings = {
				ALWAYS_EMBED_SWIFT_STANDARD_LIBRARIES = YES;
				BUNDLE_LOADER = "$(TEST_HOST)";
				CODE_SIGN_STYLE = Automatic;
				DEVELOPMENT_TEAM = 9JBA7R48SP;
				INFOPLIST_FILE = frictionTests/Info.plist;
				LD_RUNPATH_SEARCH_PATHS = (
					"$(inherited)",
					"@executable_path/Frameworks",
					"@loader_path/Frameworks",
				);
				PRODUCT_BUNDLE_IDENTIFIER = io.tjw.frictionTests;
				PRODUCT_NAME = "$(TARGET_NAME)";
				SWIFT_VERSION = 4.2;
				TARGETED_DEVICE_FAMILY = "1,2";
				TEST_HOST = "$(BUILT_PRODUCTS_DIR)/friction.app/friction";
			};
			name = Debug;
		};
		2F9987A421A282E7001B1256 /* Release */ = {
			isa = XCBuildConfiguration;
			buildSettings = {
				ALWAYS_EMBED_SWIFT_STANDARD_LIBRARIES = YES;
				BUNDLE_LOADER = "$(TEST_HOST)";
				CODE_SIGN_STYLE = Automatic;
				DEVELOPMENT_TEAM = 9JBA7R48SP;
				INFOPLIST_FILE = frictionTests/Info.plist;
				LD_RUNPATH_SEARCH_PATHS = (
					"$(inherited)",
					"@executable_path/Frameworks",
					"@loader_path/Frameworks",
				);
				PRODUCT_BUNDLE_IDENTIFIER = io.tjw.frictionTests;
				PRODUCT_NAME = "$(TARGET_NAME)";
				SWIFT_VERSION = 4.2;
				TARGETED_DEVICE_FAMILY = "1,2";
				TEST_HOST = "$(BUILT_PRODUCTS_DIR)/friction.app/friction";
			};
			name = Release;
		};
		2F9987A621A282E7001B1256 /* Debug */ = {
			isa = XCBuildConfiguration;
			buildSettings = {
				ALWAYS_EMBED_SWIFT_STANDARD_LIBRARIES = YES;
				CODE_SIGN_STYLE = Automatic;
				DEVELOPMENT_TEAM = 9JBA7R48SP;
				INFOPLIST_FILE = frictionUITests/Info.plist;
				LD_RUNPATH_SEARCH_PATHS = (
					"$(inherited)",
					"@executable_path/Frameworks",
					"@loader_path/Frameworks",
				);
				PRODUCT_BUNDLE_IDENTIFIER = io.tjw.frictionUITests;
				PRODUCT_NAME = "$(TARGET_NAME)";
				SWIFT_VERSION = 4.2;
				TARGETED_DEVICE_FAMILY = "1,2";
				TEST_TARGET_NAME = friction;
			};
			name = Debug;
		};
		2F9987A721A282E7001B1256 /* Release */ = {
			isa = XCBuildConfiguration;
			buildSettings = {
				ALWAYS_EMBED_SWIFT_STANDARD_LIBRARIES = YES;
				CODE_SIGN_STYLE = Automatic;
				DEVELOPMENT_TEAM = 9JBA7R48SP;
				INFOPLIST_FILE = frictionUITests/Info.plist;
				LD_RUNPATH_SEARCH_PATHS = (
					"$(inherited)",
					"@executable_path/Frameworks",
					"@loader_path/Frameworks",
				);
				PRODUCT_BUNDLE_IDENTIFIER = io.tjw.frictionUITests;
				PRODUCT_NAME = "$(TARGET_NAME)";
				SWIFT_VERSION = 4.2;
				TARGETED_DEVICE_FAMILY = "1,2";
				TEST_TARGET_NAME = friction;
			};
			name = Release;
		};
/* End XCBuildConfiguration section */

/* Begin XCConfigurationList section */
		2F99877221A282E3001B1256 /* Build configuration list for PBXProject "friction" */ = {
			isa = XCConfigurationList;
			buildConfigurations = (
				2F99879D21A282E7001B1256 /* Debug */,
				2F99879E21A282E7001B1256 /* Release */,
			);
			defaultConfigurationIsVisible = 0;
			defaultConfigurationName = Release;
		};
		2F99879F21A282E7001B1256 /* Build configuration list for PBXNativeTarget "friction" */ = {
			isa = XCConfigurationList;
			buildConfigurations = (
				2F9987A021A282E7001B1256 /* Debug */,
				2F9987A121A282E7001B1256 /* Release */,
			);
			defaultConfigurationIsVisible = 0;
			defaultConfigurationName = Release;
		};
		2F9987A221A282E7001B1256 /* Build configuration list for PBXNativeTarget "frictionTests" */ = {
			isa = XCConfigurationList;
			buildConfigurations = (
				2F9987A321A282E7001B1256 /* Debug */,
				2F9987A421A282E7001B1256 /* Release */,
			);
			defaultConfigurationIsVisible = 0;
			defaultConfigurationName = Release;
		};
		2F9987A521A282E7001B1256 /* Build configuration list for PBXNativeTarget "frictionUITests" */ = {
			isa = XCConfigurationList;
			buildConfigurations = (
				2F9987A621A282E7001B1256 /* Debug */,
				2F9987A721A282E7001B1256 /* Release */,
			);
			defaultConfigurationIsVisible = 0;
			defaultConfigurationName = Release;
		};
/* End XCConfigurationList section */
	};
	rootObject = 2F99876F21A282E3001B1256 /* Project object */;
}
